
Microsoft Visual Studio Solution File, Format Version 12.00
# Visual Studio Version 17
VisualStudioVersion = 17.7.34202.233
MinimumVisualStudioVersion = 10.0.40219.1
Project("{FAE04EC0-301F-11D3-BF4B-00C04F79EFBC}") = "CashCountSystem", "CashCountSystem.csproj", "{8AB01C61-FC8D-4B97-A108-6BBDF525DCDB}"
EndProject
Project("{FAE04EC0-301F-11D3-BF4B-00C04F79EFBC}") = "BLL", "..\BLL\BLL.csproj", "{EAFA3D3F-E7E8-4947-8B00-54F58EBF05B7}"
EndProject
Project("{FAE04EC0-301F-11D3-BF4B-00C04F79EFBC}") = "Model", "..\Model\Model.csproj", "{D3A620B5-672A-4ADF-BCD2-4D56008CA716}"
EndProject
Global
	GlobalSection(SolutionConfigurationPlatforms) = preSolution
		Debug|Any CPU = Debug|Any CPU
		Debug|x64 = Debug|x64
		Debug|x86 = Debug|x86
		Release|Any CPU = Release|Any CPU
		Release|x64 = Release|x64
		Release|x86 = Release|x86
	EndGlobalSection
	GlobalSection(ProjectConfigurationPlatforms) = postSolution
		{8AB01C61-FC8D-4B97-A108-6BBDF525DCDB}.Debug|Any CPU.ActiveCfg = Debug|Any CPU
		{8AB01C61-FC8D-4B97-A108-6BBDF525DCDB}.Debug|Any CPU.Build.0 = Debug|Any CPU
		{8AB01C61-FC8D-4B97-A108-6BBDF525DCDB}.Debug|x64.ActiveCfg = Debug|Any CPU
		{8AB01C61-FC8D-4B97-A108-6BBDF525DCDB}.Debug|x64.Build.0 = Debug|Any CPU
		{8AB01C61-FC8D-4B97-A108-6BBDF525DCDB}.Debug|x86.ActiveCfg = Debug|Any CPU
		{8AB01C61-FC8D-4B97-A108-6BBDF525DCDB}.Debug|x86.Build.0 = Debug|Any CPU
		{8AB01C61-FC8D-4B97-A108-6BBDF525DCDB}.Release|Any CPU.ActiveCfg = Release|Any CPU
		{8AB01C61-FC8D-4B97-A108-6BBDF525DCDB}.Release|Any CPU.Build.0 = Release|Any CPU
		{8AB01C61-FC8D-4B97-A108-6BBDF525DCDB}.Release|x64.ActiveCfg = Release|Any CPU
		{8AB01C61-FC8D-4B97-A108-6BBDF525DCDB}.Release|x64.Build.0 = Release|Any CPU
		{8AB01C61-FC8D-4B97-A108-6BBDF525DCDB}.Release|x86.ActiveCfg = Release|Any CPU
		{8AB01C61-FC8D-4B97-A108-6BBDF525DCDB}.Release|x86.Build.0 = Release|Any CPU
		{EAFA3D3F-E7E8-4947-8B00-54F58EBF05B7}.Debug|Any CPU.ActiveCfg = Debug|Any CPU
		{EAFA3D3F-E7E8-4947-8B00-54F58EBF05B7}.Debug|Any CPU.Build.0 = Debug|Any CPU
		{EAFA3D3F-E7E8-4947-8B00-54F58EBF05B7}.Debug|x64.ActiveCfg = Debug|Any CPU
		{EAFA3D3F-E7E8-4947-8B00-54F58EBF05B7}.Debug|x64.Build.0 = Debug|Any CPU
		{EAFA3D3F-E7E8-4947-8B00-54F58EBF05B7}.Debug|x86.ActiveCfg = Debug|Any CPU
		{EAFA3D3F-E7E8-4947-8B00-54F58EBF05B7}.Debug|x86.Build.0 = Debug|Any CPU
		{EAFA3D3F-E7E8-4947-8B00-54F58EBF05B7}.Release|Any CPU.ActiveCfg = Release|Any CPU
		{EAFA3D3F-E7E8-4947-8B00-54F58EBF05B7}.Release|Any CPU.Build.0 = Release|Any CPU
		{EAFA3D3F-E7E8-4947-8B00-54F58EBF05B7}.Release|x64.ActiveCfg = Release|Any CPU
		{EAFA3D3F-E7E8-4947-8B00-54F58EBF05B7}.Release|x64.Build.0 = Release|Any CPU
		{EAFA3D3F-E7E8-4947-8B00-54F58EBF05B7}.Release|x86.ActiveCfg = Release|Any CPU
		{EAFA3D3F-E7E8-4947-8B00-54F58EBF05B7}.Release|x86.Build.0 = Release|Any CPU
		{D3A620B5-672A-4ADF-BCD2-4D56008CA716}.Debug|Any CPU.ActiveCfg = Debug|Any CPU
		{D3A620B5-672A-4ADF-BCD2-4D56008CA716}.Debug|Any CPU.Build.0 = Debug|Any CPU
		{D3A620B5-672A-4ADF-BCD2-4D56008CA716}.Debug|x64.ActiveCfg = Debug|Any CPU
		{D3A620B5-672A-4ADF-BCD2-4D56008CA716}.Debug|x64.Build.0 = Debug|Any CPU
		{D3A620B5-672A-4ADF-BCD2-4D56008CA716}.Debug|x86.ActiveCfg = Debug|Any CPU
		{D3A620B5-672A-4ADF-BCD2-4D56008CA716}.Debug|x86.Build.0 = Debug|Any CPU
		{D3A620B5-672A-4ADF-BCD2-4D56008CA716}.Release|Any CPU.ActiveCfg = Release|Any CPU
		{D3A620B5-672A-4ADF-BCD2-4D56008CA716}.Release|Any CPU.Build.0 = Release|Any CPU
		{D3A620B5-672A-4ADF-BCD2-4D56008CA716}.Release|x64.ActiveCfg = Release|Any CPU
		{D3A620B5-672A-4ADF-BCD2-4D56008CA716}.Release|x64.Build.0 = Release|Any CPU
		{D3A620B5-672A-4ADF-BCD2-4D56008CA716}.Release|x86.ActiveCfg = Release|Any CPU
		{D3A620B5-672A-4ADF-BCD2-4D56008CA716}.Release|x86.Build.0 = Release|Any CPU
	EndGlobalSection
	GlobalSection(SolutionProperties) = preSolution
		HideSolutionNode = FALSE
	EndGlobalSection
	GlobalSection(ExtensibilityGlobals) = postSolution
		SolutionGuid = {3F7630C8-FD47-4D34-B7F7-6215BECCC2A1}
	EndGlobalSection
EndGlobal
